
Microsoft Visual Studio Solution File, Format Version 12.00
# Visual Studio Version 17
VisualStudioVersion = 17.13.35931.197
MinimumVisualStudioVersion = 10.0.40219.1
Project("{FAE04EC0-301F-11D3-BF4B-00C04F79EFBC}") = "EnsekMeterReadings.API", "EnsekMeterReadings.API\EnsekMeterReadings.API.csproj", "{15762605-E4ED-42E5-8B8B-02E873B52ED3}"
EndProject
Project("{FAE04EC0-301F-11D3-BF4B-00C04F79EFBC}") = "EnsekMeterReadings.Core", "EnsekMeterReadings.Core\EnsekMeterReadings.Core.csproj", "{32204653-5DD9-47F8-885C-80F25BC4FEB8}"
EndProject
Project("{FAE04EC0-301F-11D3-BF4B-00C04F79EFBC}") = "EnsekMeterReadings.DataAccess", "EnsekMeterReadings.DataAccess\EnsekMeterReadings.DataAccess.csproj", "{24C3E566-8EAD-424D-AAE6-230C588879BC}"
EndProject
Project("{FAE04EC0-301F-11D3-BF4B-00C04F79EFBC}") = "EnsekMeterReadings.Aplication", "EnsekMeterReadings.Aplication\EnsekMeterReadings.Aplication.csproj", "{118054F1-E97B-4DC1-B3C0-EAF819F438DA}"
EndProject
Project("{FAE04EC0-301F-11D3-BF4B-00C04F79EFBC}") = "EnsekMeterReadings.Tests", "EnsekMeterReadings.Tests\EnsekMeterReadings.Tests.csproj", "{5EDB6137-FDA6-4F9B-93F4-36755111BB7B}"
EndProject
Global
	GlobalSection(SolutionConfigurationPlatforms) = preSolution
		Debug|Any CPU = Debug|Any CPU
		Release|Any CPU = Release|Any CPU
	EndGlobalSection
	GlobalSection(ProjectConfigurationPlatforms) = postSolution
		{15762605-E4ED-42E5-8B8B-02E873B52ED3}.Debug|Any CPU.ActiveCfg = Debug|Any CPU
		{15762605-E4ED-42E5-8B8B-02E873B52ED3}.Debug|Any CPU.Build.0 = Debug|Any CPU
		{15762605-E4ED-42E5-8B8B-02E873B52ED3}.Release|Any CPU.ActiveCfg = Release|Any CPU
		{15762605-E4ED-42E5-8B8B-02E873B52ED3}.Release|Any CPU.Build.0 = Release|Any CPU
		{32204653-5DD9-47F8-885C-80F25BC4FEB8}.Debug|Any CPU.ActiveCfg = Debug|Any CPU
		{32204653-5DD9-47F8-885C-80F25BC4FEB8}.Debug|Any CPU.Build.0 = Debug|Any CPU
		{32204653-5DD9-47F8-885C-80F25BC4FEB8}.Release|Any CPU.ActiveCfg = Release|Any CPU
		{32204653-5DD9-47F8-885C-80F25BC4FEB8}.Release|Any CPU.Build.0 = Release|Any CPU
		{24C3E566-8EAD-424D-AAE6-230C588879BC}.Debug|Any CPU.ActiveCfg = Debug|Any CPU
		{24C3E566-8EAD-424D-AAE6-230C588879BC}.Debug|Any CPU.Build.0 = Debug|Any CPU
		{24C3E566-8EAD-424D-AAE6-230C588879BC}.Release|Any CPU.ActiveCfg = Release|Any CPU
		{24C3E566-8EAD-424D-AAE6-230C588879BC}.Release|Any CPU.Build.0 = Release|Any CPU
		{118054F1-E97B-4DC1-B3C0-EAF819F438DA}.Debug|Any CPU.ActiveCfg = Debug|Any CPU
		{118054F1-E97B-4DC1-B3C0-EAF819F438DA}.Debug|Any CPU.Build.0 = Debug|Any CPU
		{118054F1-E97B-4DC1-B3C0-EAF819F438DA}.Release|Any CPU.ActiveCfg = Release|Any CPU
		{118054F1-E97B-4DC1-B3C0-EAF819F438DA}.Release|Any CPU.Build.0 = Release|Any CPU
		{5EDB6137-FDA6-4F9B-93F4-36755111BB7B}.Debug|Any CPU.ActiveCfg = Debug|Any CPU
		{5EDB6137-FDA6-4F9B-93F4-36755111BB7B}.Debug|Any CPU.Build.0 = Debug|Any CPU
		{5EDB6137-FDA6-4F9B-93F4-36755111BB7B}.Release|Any CPU.ActiveCfg = Release|Any CPU
		{5EDB6137-FDA6-4F9B-93F4-36755111BB7B}.Release|Any CPU.Build.0 = Release|Any CPU
	EndGlobalSection
	GlobalSection(SolutionProperties) = preSolution
		HideSolutionNode = FALSE
	EndGlobalSection
	GlobalSection(ExtensibilityGlobals) = postSolution
		SolutionGuid = {B7CA9694-0F4F-4057-AA63-8B615ED7A74A}
	EndGlobalSection
EndGlobal
